
Microsoft Visual Studio Solution File, Format Version 12.00
# Visual Studio 15
VisualStudioVersion = 15.0.28010.2036
MinimumVisualStudioVersion = 10.0.40219.1
Project("{9A19103F-16F7-4668-BE54-9A1E7A4F7556}") = "FastHttpApi.ClusterConfiguration", "FastHttpApi.ClusterConfiguration\FastHttpApi.ClusterConfiguration.csproj", "{21505407-7FBD-40CD-A39E-DC4D44CA5330}"
EndProject
Global
	GlobalSection(SolutionConfigurationPlatforms) = preSolution
		Debug|Any CPU = Debug|Any CPU
		Release|Any CPU = Release|Any CPU
	EndGlobalSection
	GlobalSection(ProjectConfigurationPlatforms) = postSolution
		{21505407-7FBD-40CD-A39E-DC4D44CA5330}.Debug|Any CPU.ActiveCfg = Debug|Any CPU
		{21505407-7FBD-40CD-A39E-DC4D44CA5330}.Debug|Any CPU.Build.0 = Debug|Any CPU
		{21505407-7FBD-40CD-A39E-DC4D44CA5330}.Release|Any CPU.ActiveCfg = Release|Any CPU
		{21505407-7FBD-40CD-A39E-DC4D44CA5330}.Release|Any CPU.Build.0 = Release|Any CPU
	EndGlobalSection
	GlobalSection(SolutionProperties) = preSolution
		HideSolutionNode = FALSE
	EndGlobalSection
	GlobalSection(ExtensibilityGlobals) = postSolution
		SolutionGuid = {2C530D5B-EB7D-4AE0-8A1A-4A2D35ADD454}
	EndGlobalSection
EndGlobal
